
Microsoft Visual Studio Solution File, Format Version 12.00
# Visual Studio Version 16
VisualStudioVersion = 16.0.29201.188
MinimumVisualStudioVersion = 10.0.40219.1
Project("{FAE04EC0-301F-11D3-BF4B-00C04F79EFBC}") = "CSharp.Saude.FitbitTask", "CSharp.Saude.FitbitTask\CSharp.Saude.FitbitTask.csproj", "{6C084421-6F06-45AC-A465-9C4F6CC525C2}"
EndProject
Project("{FAE04EC0-301F-11D3-BF4B-00C04F79EFBC}") = "CSharp.Data.Client", "CSharp.Data.Client\CSharp.Data.Client\CSharp.Data.Client.csproj", "{679CAED8-EE91-4117-A573-31171C4E652A}"
EndProject
Global
	GlobalSection(SolutionConfigurationPlatforms) = preSolution
		Debug|Any CPU = Debug|Any CPU
		Release|Any CPU = Release|Any CPU
	EndGlobalSection
	GlobalSection(ProjectConfigurationPlatforms) = postSolution
		{6C084421-6F06-45AC-A465-9C4F6CC525C2}.Debug|Any CPU.ActiveCfg = Debug|Any CPU
		{6C084421-6F06-45AC-A465-9C4F6CC525C2}.Debug|Any CPU.Build.0 = Debug|Any CPU
		{6C084421-6F06-45AC-A465-9C4F6CC525C2}.Release|Any CPU.ActiveCfg = Release|Any CPU
		{6C084421-6F06-45AC-A465-9C4F6CC525C2}.Release|Any CPU.Build.0 = Release|Any CPU
		{679CAED8-EE91-4117-A573-31171C4E652A}.Debug|Any CPU.ActiveCfg = Debug|Any CPU
		{679CAED8-EE91-4117-A573-31171C4E652A}.Debug|Any CPU.Build.0 = Debug|Any CPU
		{679CAED8-EE91-4117-A573-31171C4E652A}.Release|Any CPU.ActiveCfg = Release|Any CPU
		{679CAED8-EE91-4117-A573-31171C4E652A}.Release|Any CPU.Build.0 = Release|Any CPU
	EndGlobalSection
	GlobalSection(SolutionProperties) = preSolution
		HideSolutionNode = FALSE
	EndGlobalSection
	GlobalSection(ExtensibilityGlobals) = postSolution
		SolutionGuid = {7A9FE778-45FB-4DAE-8203-859681F5C00D}
	EndGlobalSection
EndGlobal
